{
  "name": "tengwar",
  "version": "1.2.6",
  "lockfileVersion": 1,
  "requires": true,
  "dependencies": {
    "abbrev": {
      "version": "1.0.9",
      "resolved": "https://registry.npmjs.org/abbrev/-/abbrev-1.0.9.tgz",
      "integrity": "sha1-kbR5JYinc4wl813W9jdSovh3YTU=",
      "dev": true
    },
    "amdefine": {
      "version": "1.0.1",
      "resolved": "https://registry.npmjs.org/amdefine/-/amdefine-1.0.1.tgz",
      "integrity": "sha1-SlKCrBZHKek2Gbz9OtFR+BfOkfU=",
      "dev": true
    },
    "archiver": {
      "version": "0.10.1",
      "resolved": "https://registry.npmjs.org/archiver/-/archiver-0.10.1.tgz",
      "integrity": "sha1-yIpQ/hFPdE0FmgffxGkPOiBBRuQ=",
      "dev": true,
      "requires": {
        "buffer-crc32": "~0.2.1",
        "file-utils": "~0.2.0",
        "lazystream": "~0.1.0",
        "lodash": "~2.4.1",
        "readable-stream": "~1.0.26",
        "tar-stream": "~0.4.0",
        "zip-stream": "~0.3.0"
      }
    },
    "asap": {
      "version": "2.0.5",
      "resolved": "https://registry.npmjs.org/asap/-/asap-2.0.5.tgz",
      "integrity": "sha1-UidltQw1EEkOUtfc/ghe+bqWlY8=",
      "dev": true
    },
    "asn1": {
      "version": "0.1.11",
      "resolved": "https://registry.npmjs.org/asn1/-/asn1-0.1.11.tgz",
      "integrity": "sha1-VZvhg3bQik7E2+gId9J4GGObLfc=",
      "dev": true,
      "optional": true
    },
    "assert-plus": {
      "version": "0.1.5",
      "resolved": "https://registry.npmjs.org/assert-plus/-/assert-plus-0.1.5.tgz",
      "integrity": "sha1-7nQAlBMALYTOxyGcasgRgS5yMWA=",
      "dev": true,
      "optional": true
    },
    "async": {
      "version": "0.2.10",
      "resolved": "https://registry.npmjs.org/async/-/async-0.2.10.tgz",
      "integrity": "sha1-trvgsGdLnXGXCMo43owjfLUmw9E=",
      "dev": true
    },
    "aws-sign2": {
      "version": "0.5.0",
      "resolved": "https://registry.npmjs.org/aws-sign2/-/aws-sign2-0.5.0.tgz",
      "integrity": "sha1-xXED96F/wDfwLXwuZLYC6iI/fWM=",
      "dev": true,
      "optional": true
    },
    "balanced-match": {
      "version": "0.4.2",
      "resolved": "https://registry.npmjs.org/balanced-match/-/balanced-match-0.4.2.tgz",
      "integrity": "sha1-yz8+PHMtwPAe5wtAPzAuYddwmDg=",
      "dev": true
    },
    "bl": {
      "version": "0.9.5",
      "resolved": "https://registry.npmjs.org/bl/-/bl-0.9.5.tgz",
      "integrity": "sha1-wGt5evCF6gC8Unr8jvzxHeIjIFQ=",
      "dev": true,
      "requires": {
        "readable-stream": "~1.0.26"
      }
    },
    "boom": {
      "version": "0.4.2",
      "resolved": "https://registry.npmjs.org/boom/-/boom-0.4.2.tgz",
      "integrity": "sha1-emNune1O/O+xnO9JR6PGffrukRs=",
      "dev": true,
      "optional": true,
      "requires": {
        "hoek": "0.9.x"
      }
    },
    "brace-expansion": {
      "version": "1.1.6",
      "resolved": "https://registry.npmjs.org/brace-expansion/-/brace-expansion-1.1.6.tgz",
      "integrity": "sha1-cZfX6qm4fmSDkOph/GbIRCdCDfk=",
      "dev": true,
      "requires": {
        "balanced-match": "^0.4.1",
        "concat-map": "0.0.1"
      }
    },
    "buffer-crc32": {
      "version": "0.2.13",
      "resolved": "https://registry.npmjs.org/buffer-crc32/-/buffer-crc32-0.2.13.tgz",
      "integrity": "sha1-DTM+PwDqxQqhRUq9MO+MKl2ackI=",
      "dev": true
    },
    "collections": {
      "version": "2.0.3",
      "resolved": "https://registry.npmjs.org/collections/-/collections-2.0.3.tgz",
      "integrity": "sha1-dlcSXoSkCGotx5f/LWltgZpyD7U=",
      "dev": true,
      "requires": {
        "mini-map": "^1.0.0",
        "pop-arrayify": "^1.0.0",
        "pop-clear": "^1.0.0",
        "pop-clone": "^1.0.1",
        "pop-compare": "^1.0.0",
        "pop-equals": "^1.0.0",
        "pop-has": "^1.0.0",
        "pop-hash": "^1.0.0",
        "pop-iterate": "^1.0.1",
        "pop-observe": "^2.0.2",
        "pop-swap": "^1.0.0",
        "pop-zip": "^1.0.0",
        "regexp-escape": "0.0.1",
        "weak-map": "^1.0.4"
      }
    },
    "colors": {
      "version": "0.6.2",
      "resolved": "https://registry.npmjs.org/colors/-/colors-0.6.2.tgz",
      "integrity": "sha1-JCP+ZnisDF2uiFLl0OW+CMmXq8w=",
      "dev": true
    },
    "combined-stream": {
      "version": "0.0.7",
      "resolved": "https://registry.npmjs.org/combined-stream/-/combined-stream-0.0.7.tgz",
      "integrity": "sha1-ATfmV7qlp1QcV6w3rF/AfXO03B8=",
      "dev": true,
      "optional": true,
      "requires": {
        "delayed-stream": "0.0.5"
      }
    },
    "concat-map": {
      "version": "0.0.1",
      "resolved": "https://registry.npmjs.org/concat-map/-/concat-map-0.0.1.tgz",
      "integrity": "sha1-2Klr13/Wjfd5OnMDajug1UBdR3s=",
      "dev": true
    },
    "core-util-is": {
      "version": "1.0.2",
      "resolved": "https://registry.npmjs.org/core-util-is/-/core-util-is-1.0.2.tgz",
      "integrity": "sha1-tf1UIgqivFq1eqtxQMlAdUUDwac=",
      "dev": true
    },
    "crc32-stream": {
      "version": "0.2.0",
      "resolved": "https://registry.npmjs.org/crc32-stream/-/crc32-stream-0.2.0.tgz",
      "integrity": "sha1-XIDUgMhoL5BLbxVTDbvguMBj274=",
      "dev": true,
      "requires": {
        "buffer-crc32": "~0.2.1",
        "readable-stream": "~1.0.24"
      }
    },
    "cryptiles": {
      "version": "0.2.2",
      "resolved": "https://registry.npmjs.org/cryptiles/-/cryptiles-0.2.2.tgz",
      "integrity": "sha1-7ZH/HxetE9N0gohZT4pIoNJvMlw=",
      "dev": true,
      "optional": true,
      "requires": {
        "boom": "0.4.x"
      }
    },
    "ctype": {
      "version": "0.5.3",
      "resolved": "https://registry.npmjs.org/ctype/-/ctype-0.5.3.tgz",
      "integrity": "sha1-gsGMJGH3QRTvFsE1IkrQuRRMoS8=",
      "dev": true,
      "optional": true
    },
    "debug": {
      "version": "0.7.4",
      "resolved": "https://registry.npmjs.org/debug/-/debug-0.7.4.tgz",
      "integrity": "sha1-BuHqgILCyxTjmAbiLi9vdX+Srzk=",
      "dev": true
    },
    "deflate-crc32-stream": {
      "version": "0.1.2",
      "resolved": "https://registry.npmjs.org/deflate-crc32-stream/-/deflate-crc32-stream-0.1.2.tgz",
      "integrity": "sha1-l16g5zA7ddhSMhmKt7QFwtR7qtU=",
      "dev": true,
      "requires": {
        "buffer-crc32": "~0.2.1"
      }
    },
    "delayed-stream": {
      "version": "0.0.5",
      "resolved": "https://registry.npmjs.org/delayed-stream/-/delayed-stream-0.0.5.tgz",
      "integrity": "sha1-1LH0OpPoKW3+AmlPRoC8N6MTxz8=",
      "dev": true,
      "optional": true
    },
    "end-of-stream": {
      "version": "1.4.0",
      "resolved": "https://registry.npmjs.org/end-of-stream/-/end-of-stream-1.4.0.tgz",
      "integrity": "sha1-epDYM+/abPpurA9JSduw+tOmMgY=",
      "dev": true,
      "requires": {
        "once": "^1.4.0"
      }
    },
    "escodegen": {
      "version": "0.0.23",
      "resolved": "https://registry.npmjs.org/escodegen/-/escodegen-0.0.23.tgz",
      "integrity": "sha1-ms+XgWQ2jkInZXHxiDnII7OoRN8=",
      "dev": true,
      "requires": {
        "esprima": "~1.0.2",
        "estraverse": "~0.0.4",
        "source-map": ">= 0.1.2"
      }
    },
    "esprima": {
      "version": "1.0.4",
      "resolved": "https://registry.npmjs.org/esprima/-/esprima-1.0.4.tgz",
      "integrity": "sha1-n1V+CPw7TSbs6d00+Pv0drYlha0=",
      "dev": true
    },
    "estraverse": {
      "version": "0.0.4",
      "resolved": "https://registry.npmjs.org/estraverse/-/estraverse-0.0.4.tgz",
      "integrity": "sha1-AaCTLf7ldGhKWYr1pnw7+bZCjbI=",
      "dev": true
    },
    "file-utils": {
      "version": "0.2.2",
      "resolved": "https://registry.npmjs.org/file-utils/-/file-utils-0.2.2.tgz",
      "integrity": "sha1-S3lnuyB5raTUp/VFQgbstcDUxYk=",
      "dev": true,
      "requires": {
        "findup-sync": "^0.2.1",
        "glob": "^4.3.5",
        "iconv-lite": "^0.4.3",
        "isbinaryfile": "^2.0.1",
        "lodash": "^2.4.1",
        "minimatch": "^2.0.1",
        "rimraf": "^2.2.2"
      },
      "dependencies": {
        "glob": {
          "version": "4.5.3",
          "resolved": "https://registry.npmjs.org/glob/-/glob-4.5.3.tgz",
          "integrity": "sha1-xstz0yJsHv7wTePFbQEvAzd+4V8=",
          "dev": true,
          "requires": {
            "inflight": "^1.0.4",
            "inherits": "2",
            "minimatch": "^2.0.1",
            "once": "^1.3.0"
          }
        },
        "minimatch": {
          "version": "2.0.10",
          "resolved": "https://registry.npmjs.org/minimatch/-/minimatch-2.0.10.tgz",
          "integrity": "sha1-jQh8OcazjAAbl/ynzm0OHoCvusc=",
          "dev": true,
          "requires": {
            "brace-expansion": "^1.0.0"
          }
        }
      }
    },
    "fileset": {
      "version": "0.1.8",
      "resolved": "https://registry.npmjs.org/fileset/-/fileset-0.1.8.tgz",
      "integrity": "sha1-UGuRqTluqn4y+0KoQHfHoMc2t0E=",
      "dev": true,
      "requires": {
        "glob": "3.x",
        "minimatch": "0.x"
      }
    },
    "findup-sync": {
      "version": "0.2.1",
      "resolved": "https://registry.npmjs.org/findup-sync/-/findup-sync-0.2.1.tgz",
      "integrity": "sha1-4KkKRQB1xJRm7lE3MgV1FLgeh4w=",
      "dev": true,
      "requires": {
        "glob": "~4.3.0"
      },
      "dependencies": {
        "glob": {
          "version": "4.3.5",
          "resolved": "https://registry.npmjs.org/glob/-/glob-4.3.5.tgz",
          "integrity": "sha1-gPuwjKVA8jiszl0R0em8QedRc9M=",
          "dev": true,
          "requires": {
            "inflight": "^1.0.4",
            "inherits": "2",
            "minimatch": "^2.0.1",
            "once": "^1.3.0"
          }
        },
        "minimatch": {
          "version": "2.0.10",
          "resolved": "https://registry.npmjs.org/minimatch/-/minimatch-2.0.10.tgz",
          "integrity": "sha1-jQh8OcazjAAbl/ynzm0OHoCvusc=",
          "dev": true,
          "requires": {
            "brace-expansion": "^1.0.0"
          }
        }
      }
    },
    "forever-agent": {
      "version": "0.5.2",
      "resolved": "https://registry.npmjs.org/forever-agent/-/forever-agent-0.5.2.tgz",
      "integrity": "sha1-bQ4JxJIflKJ/Y9O0nF/v8epMUTA=",
      "dev": true
    },
    "form-data": {
      "version": "0.1.4",
      "resolved": "https://registry.npmjs.org/form-data/-/form-data-0.1.4.tgz",
      "integrity": "sha1-kavXiKupcCsaq/qLwBAxoqyeOxI=",
      "dev": true,
      "optional": true,
      "requires": {
        "async": "~0.9.0",
        "combined-stream": "~0.0.4",
        "mime": "~1.2.11"
      },
      "dependencies": {
        "async": {
          "version": "0.9.2",
          "resolved": "https://registry.npmjs.org/async/-/async-0.9.2.tgz",
          "integrity": "sha1-rqdNXmHB+JlhO/ZL2mbUx48v0X0=",
          "dev": true,
          "optional": true
        },
        "mime": {
          "version": "1.2.11",
          "resolved": "https://registry.npmjs.org/mime/-/mime-1.2.11.tgz",
          "integrity": "sha1-WCA+7Ybjpe8XrtK32evUfwpg3RA=",
          "dev": true,
          "optional": true
        }
      }
    },
    "fs.realpath": {
      "version": "1.0.0",
      "resolved": "https://registry.npmjs.org/fs.realpath/-/fs.realpath-1.0.0.tgz",
      "integrity": "sha1-FQStJSMVjKpA20onh8sBQRmU6k8=",
      "dev": true
    },
    "glob": {
      "version": "3.2.11",
      "resolved": "https://registry.npmjs.org/glob/-/glob-3.2.11.tgz",
      "integrity": "sha1-Spc/Y1uRkPcV0QmH1cAP0oFevj0=",
      "dev": true,
      "requires": {
        "inherits": "2",
        "minimatch": "0.3"
      }
    },
    "handlebars": {
      "version": "1.0.12",
      "resolved": "https://registry.npmjs.org/handlebars/-/handlebars-1.0.12.tgz",
      "integrity": "sha1-GMbTRAw16RsZs/9YK5FRq0mF1Pw=",
      "dev": true,
      "requires": {
        "optimist": "~0.3",
        "uglify-js": "~2.3"
      },
      "dependencies": {
        "optimist": {
          "version": "0.3.7",
          "resolved": "https://registry.npmjs.org/optimist/-/optimist-0.3.7.tgz",
          "integrity": "sha1-yQlBrVnkJzMokjB00s8ufLxuwNk=",
          "dev": true,
          "requires": {
            "wordwrap": "~0.0.2"
          }
        }
      }
    },
    "hawk": {
      "version": "1.0.0",
      "resolved": "https://registry.npmjs.org/hawk/-/hawk-1.0.0.tgz",
      "integrity": "sha1-uQuxaYByhUEdp//LjdJZhQLTtS0=",
      "dev": true,
      "optional": true,
      "requires": {
        "boom": "0.4.x",
        "cryptiles": "0.2.x",
        "hoek": "0.9.x",
        "sntp": "0.2.x"
      }
    },
    "hoek": {
      "version": "0.9.1",
      "resolved": "https://registry.npmjs.org/hoek/-/hoek-0.9.1.tgz",
      "integrity": "sha1-PTIkYrrfB3Fup+uFuviAec3c5QU=",
      "dev": true,
      "optional": true
    },
    "http-signature": {
      "version": "0.10.1",
      "resolved": "https://registry.npmjs.org/http-signature/-/http-signature-0.10.1.tgz",
      "integrity": "sha1-T72sEyVZqoMjEh5UB3nAoBKyfmY=",
      "dev": true,
      "optional": true,
      "requires": {
        "asn1": "0.1.11",
        "assert-plus": "^0.1.5",
        "ctype": "0.5.3"
      }
    },
    "iconv-lite": {
      "version": "0.4.15",
      "resolved": "https://registry.npmjs.org/iconv-lite/-/iconv-lite-0.4.15.tgz",
      "integrity": "sha1-/iZaIYrGpXz+hUkn6dBMGYJe3es=",
      "dev": true
    },
    "inflight": {
      "version": "1.0.6",
      "resolved": "https://registry.npmjs.org/inflight/-/inflight-1.0.6.tgz",
      "integrity": "sha1-Sb1jMdfQLQwJvJEKEHW6gWW1bfk=",
      "dev": true,
      "requires": {
        "once": "^1.3.0",
        "wrappy": "1"
      }
    },
    "inherits": {
      "version": "2.0.3",
      "resolved": "https://registry.npmjs.org/inherits/-/inherits-2.0.3.tgz",
      "integrity": "sha1-Yzwsg+PaQqUC9SRmAiSA9CCCYd4=",
      "dev": true
    },
    "isarray": {
      "version": "0.0.1",
      "resolved": "https://registry.npmjs.org/isarray/-/isarray-0.0.1.tgz",
      "integrity": "sha1-ihis/Kmo9Bd+Cav8YDiTmwXR7t8=",
      "dev": true
    },
    "isbinaryfile": {
      "version": "2.0.4",
      "resolved": "https://registry.npmjs.org/isbinaryfile/-/isbinaryfile-2.0.4.tgz",
      "integrity": "sha1-0jWS5qbwk++4TC5hUgVr4pTkFKE=",
      "dev": true
    },
    "istanbul": {
      "version": "0.1.46",
      "resolved": "https://registry.npmjs.org/istanbul/-/istanbul-0.1.46.tgz",
      "integrity": "sha1-zv6xx4fRJabbI70PY7Drk5CwtA0=",
      "dev": true,
      "requires": {
        "abbrev": "1.0.x",
        "async": "0.2.x",
        "escodegen": "0.0.23",
        "esprima": "1.0.x",
        "fileset": "0.1.x",
        "handlebars": "1.0.x",
        "mkdirp": "0.3.x",
        "nopt": "2.1.x",
        "resolve": "0.5.x",
        "which": "1.0.x",
        "wordwrap": "0.0.x"
      }
    },
    "jasminum": {
      "version": "2.0.7",
      "resolved": "https://registry.npmjs.org/jasminum/-/jasminum-2.0.7.tgz",
      "integrity": "sha1-cdKuzbrv7MHKaCm+AYtDO2QjDv8=",
      "dev": true,
      "requires": {
        "colors": "^0.6.2",
        "glob": "^3.2.8",
        "joey": "^2.0.1",
        "knox": ">=0.8.9 <0.9.0",
        "mr": "^2.0.3",
        "optimist": "^0.6.1",
        "pop-compare": "^1.0.0",
        "pop-equals": "^1.0.0",
        "pop-has": "^1.0.0",
        "q": "^2.0.3",
        "q-io": "^2.0.2",
        "qs": "^0.6.6",
        "regexp-escape": "0.0.1",
        "saucelabs": ">=0.1.1 <0.2.0",
        "url": "^0.7.9",
        "util": "^0.10.3",
        "wd": ">=0.2.15 <0.3.0"
      }
    },
    "joey": {
      "version": "2.0.1",
      "resolved": "https://registry.npmjs.org/joey/-/joey-2.0.1.tgz",
      "integrity": "sha1-BW3t9v3q1elUc34AU/t3NwaSKuE=",
      "dev": true,
      "requires": {
        "optimist": "^0.3.7",
        "q": "^2.0.1",
        "q-io": "^2.0.2",
        "url2": "^1.0.1"
      },
      "dependencies": {
        "optimist": {
          "version": "0.3.7",
          "resolved": "https://registry.npmjs.org/optimist/-/optimist-0.3.7.tgz",
          "integrity": "sha1-yQlBrVnkJzMokjB00s8ufLxuwNk=",
          "dev": true,
          "requires": {
            "wordwrap": "~0.0.2"
          }
        }
      }
    },
    "json-stringify-safe": {
      "version": "5.0.1",
      "resolved": "https://registry.npmjs.org/json-stringify-safe/-/json-stringify-safe-5.0.1.tgz",
      "integrity": "sha1-Epai1Y/UXxmg9s4B1lcB4sc1tus=",
      "dev": true
    },
    "knox": {
      "version": "0.8.10",
      "resolved": "https://registry.npmjs.org/knox/-/knox-0.8.10.tgz",
      "integrity": "sha1-ai7c2sHSrjedHhmU1Vm5XCg7JYg=",
      "dev": true,
      "requires": {
        "debug": "~0.7.0",
        "mime": "*",
        "stream-counter": "~0.1.0",
        "xml2js": "0.2.x"
      }
    },
    "lazystream": {
      "version": "0.1.0",
      "resolved": "https://registry.npmjs.org/lazystream/-/lazystream-0.1.0.tgz",
      "integrity": "sha1-GyXWPHcqTCDwpe0KnXf0hLbhaSA=",
      "dev": true,
      "requires": {
        "readable-stream": "~1.0.2"
      }
    },
    "lodash": {
      "version": "2.4.2",
      "resolved": "https://registry.npmjs.org/lodash/-/lodash-2.4.2.tgz",
      "integrity": "sha1-+t2DS5aDBz2hebPq5tnA0VBT9z4=",
      "dev": true
    },
    "lru-cache": {
      "version": "2.7.3",
      "resolved": "https://registry.npmjs.org/lru-cache/-/lru-cache-2.7.3.tgz",
      "integrity": "sha1-bUUk6LlV+V1PW1iFHOId1y+06VI=",
      "dev": true
    },
    "mime": {
      "version": "1.3.4",
      "resolved": "https://registry.npmjs.org/mime/-/mime-1.3.4.tgz",
      "integrity": "sha1-EV+eO2s9rylZmDyzjxSaLUDrXVM=",
      "dev": true
    },
    "mimeparse": {
      "version": "0.1.4",
      "resolved": "https://registry.npmjs.org/mimeparse/-/mimeparse-0.1.4.tgz",
      "integrity": "sha1-2vsCdSNw/SJgk64xUsJxrwGsJUo=",
      "dev": true
    },
    "mini-map": {
      "version": "1.0.0",
      "resolved": "https://registry.npmjs.org/mini-map/-/mini-map-1.0.0.tgz",
      "integrity": "sha1-lkHgEV2Zs9wTcRz4z9pMgZmJP04=",
      "dev": true
    },
    "minimatch": {
      "version": "0.3.0",
      "resolved": "https://registry.npmjs.org/minimatch/-/minimatch-0.3.0.tgz",
      "integrity": "sha1-J12O2qxPG7MyZHIInnlJyDlGmd0=",
      "dev": true,
      "requires": {
        "lru-cache": "2",
        "sigmund": "~1.0.0"
      }
    },
    "minimist": {
      "version": "0.0.10",
      "resolved": "https://registry.npmjs.org/minimist/-/minimist-0.0.10.tgz",
      "integrity": "sha1-3j+YVD2/lggr5IrRoMfNqDYwHc8=",
      "dev": true
    },
    "mkdirp": {
      "version": "0.3.5",
      "resolved": "https://registry.npmjs.org/mkdirp/-/mkdirp-0.3.5.tgz",
      "integrity": "sha1-3j5fiWHIjHh+4TaN+EmsRBPsqNc=",
      "dev": true
    },
    "mr": {
      "version": "2.0.7",
      "resolved": "https://registry.npmjs.org/mr/-/mr-2.0.7.tgz",
      "integrity": "sha1-7/HI73GEKYXapPLBmPS3Fwbfy9c=",
      "dev": true,
      "requires": {
        "colors": "^0.6.2",
        "istanbul": "^0.1.46",
        "optimist": "^0.6.1",
        "q": "^2.0.3",
        "util": "^0.10.3"
      }
    },
    "ms": {
      "version": "0.6.2",
      "resolved": "https://registry.npmjs.org/ms/-/ms-0.6.2.tgz",
      "integrity": "sha1-2JwhJMb9wTU9Zai3e/GqxLGTcIw=",
      "dev": true
    },
    "node-uuid": {
      "version": "1.4.7",
      "resolved": "https://registry.npmjs.org/node-uuid/-/node-uuid-1.4.7.tgz",
      "integrity": "sha1-baWhdmjEs91ZYjvaEc9/pMH2Cm8=",
      "dev": true
    },
    "nopt": {
      "version": "2.1.2",
      "resolved": "https://registry.npmjs.org/nopt/-/nopt-2.1.2.tgz",
      "integrity": "sha1-bMzZd7gBMqB3MdbozljCyDA8+a8=",
      "dev": true,
      "requires": {
        "abbrev": "1"
      }
    },
    "oauth-sign": {
      "version": "0.3.0",
      "resolved": "https://registry.npmjs.org/oauth-sign/-/oauth-sign-0.3.0.tgz",
      "integrity": "sha1-y1QPk7srIqfVlBaRoojWDo6pOG4=",
      "dev": true,
      "optional": true
    },
    "once": {
      "version": "1.4.0",
      "resolved": "https://registry.npmjs.org/once/-/once-1.4.0.tgz",
      "integrity": "sha1-WDsap3WWHUsROsF9nFC6753Xa9E=",
      "dev": true,
      "requires": {
        "wrappy": "1"
      }
    },
    "optimist": {
      "version": "0.6.1",
      "resolved": "https://registry.npmjs.org/optimist/-/optimist-0.6.1.tgz",
      "integrity": "sha1-2j6nRob6IaGaERwybpDrFaAZZoY=",
      "dev": true,
      "requires": {
        "minimist": "~0.0.1",
        "wordwrap": "~0.0.2"
      }
    },
    "path-is-absolute": {
      "version": "1.0.1",
      "resolved": "https://registry.npmjs.org/path-is-absolute/-/path-is-absolute-1.0.1.tgz",
      "integrity": "sha1-F0uSaHNVNP+8es5r9TpanhtcX18=",
      "dev": true
    },
    "pop-arrayify": {
      "version": "1.0.0",
      "resolved": "https://registry.npmjs.org/pop-arrayify/-/pop-arrayify-1.0.0.tgz",
      "integrity": "sha1-ZVIrP+OuIb5PjosrnkRjTBWmxIE=",
      "dev": true
    },
    "pop-clear": {
      "version": "1.0.0",
      "resolved": "https://registry.npmjs.org/pop-clear/-/pop-clear-1.0.0.tgz",
      "integrity": "sha1-/IFk/IX4nyiPI7k2toAeqCKuRYY=",
      "dev": true
    },
    "pop-clone": {
      "version": "1.0.1",
      "resolved": "https://registry.npmjs.org/pop-clone/-/pop-clone-1.0.1.tgz",
      "integrity": "sha1-YY1GJJfpbQb5zaMVsyXMo6JjYDg=",
      "dev": true,
      "requires": {
        "mini-map": "^1.0.0",
        "pop-equals": "^1.0.0"
      }
    },
    "pop-compare": {
      "version": "1.0.0",
      "resolved": "https://registry.npmjs.org/pop-compare/-/pop-compare-1.0.0.tgz",
      "integrity": "sha1-xzLiLCfwz6uAohfUXncitc4VGCA=",
      "dev": true
    },
    "pop-equals": {
      "version": "1.0.0",
      "resolved": "https://registry.npmjs.org/pop-equals/-/pop-equals-1.0.0.tgz",
      "integrity": "sha1-kEFPj9pxo3+IHR5eOi4C7ww7fgs=",
      "dev": true,
      "requires": {
        "mini-map": "^1.0.0"
      }
    },
    "pop-has": {
      "version": "1.0.0",
      "resolved": "https://registry.npmjs.org/pop-has/-/pop-has-1.0.0.tgz",
      "integrity": "sha1-myJrWblgq2XqsLQS3VVw3OkOZRw=",
      "dev": true,
      "requires": {
        "pop-equals": "^1.0.0"
      }
    },
    "pop-hash": {
      "version": "1.0.1",
      "resolved": "https://registry.npmjs.org/pop-hash/-/pop-hash-1.0.1.tgz",
      "integrity": "sha1-vNaUVL0vmd7SC1/Iork9a1+rRMw=",
      "dev": true,
      "requires": {
        "weak-map": "^1.0.5"
      }
    },
    "pop-iterate": {
      "version": "1.0.1",
      "resolved": "https://registry.npmjs.org/pop-iterate/-/pop-iterate-1.0.1.tgz",
      "integrity": "sha1-zqz9q0q/NT16DyqqLB/Hs/lBO6M=",
      "dev": true
    },
    "pop-observe": {
      "version": "2.0.2",
      "resolved": "https://registry.npmjs.org/pop-observe/-/pop-observe-2.0.2.tgz",
      "integrity": "sha1-WstaxvJMfG/6ssMhUbCtt0Du82M=",
      "dev": true,
      "requires": {
        "pop-equals": "^1.0.0",
        "pop-has": "^1.0.0",
        "pop-swap": "^1.0.0"
      }
    },
    "pop-swap": {
      "version": "1.0.0",
      "resolved": "https://registry.npmjs.org/pop-swap/-/pop-swap-1.0.0.tgz",
      "integrity": "sha1-iLRAVT4IXQF50yJVsJ+TqrmJDGY=",
      "dev": true
    },
    "pop-zip": {
      "version": "1.0.0",
      "resolved": "https://registry.npmjs.org/pop-zip/-/pop-zip-1.0.0.tgz",
      "integrity": "sha1-PcEUAHss7OdP87jOpz6xIMcNsFY=",
      "dev": true
    },
    "punycode": {
      "version": "1.0.0",
      "resolved": "https://registry.npmjs.org/punycode/-/punycode-1.0.0.tgz",
      "integrity": "sha1-zp5sbpwdtYJxdPzrEv9JOHAKG9M=",
      "dev": true
    },
    "q": {
      "version": "2.0.3",
      "resolved": "https://registry.npmjs.org/q/-/q-2.0.3.tgz",
      "integrity": "sha1-dbjbAlWhpa+C9Yw/Oqoe/sfQ0TQ=",
      "dev": true,
      "requires": {
        "asap": "^2.0.0",
        "pop-iterate": "^1.0.1",
        "weak-map": "^1.0.5"
      }
    },
    "q-io": {
      "version": "2.0.6",
      "resolved": "https://registry.npmjs.org/q-io/-/q-io-2.0.6.tgz",
      "integrity": "sha1-8ceCdu3F0xMVOr+sXOyGqgbINwk=",
      "dev": true,
      "requires": {
        "collections": ">=2.0.1 <3.0.0",
        "mime": ">=1.2.11 <2.0.0",
        "mimeparse": ">=0.1.4 <0.2.0",
        "q": ">=2.0.1 <3.0.0",
        "qs": ">=0.6.6 <0.7.0",
        "url2": ">=2.0.0 <3.0.0"
      },
      "dependencies": {
        "url2": {
          "version": "2.0.0",
          "resolved": "https://registry.npmjs.org/url2/-/url2-2.0.0.tgz",
          "integrity": "sha1-kKOjZ945y0avQWAqAWnuho30USw=",
          "dev": true,
          "requires": {
            "url": ">=0.7.9 <0.8.0"
          }
        }
      }
    },
    "qs": {
      "version": "0.6.6",
      "resolved": "https://registry.npmjs.org/qs/-/qs-0.6.6.tgz",
      "integrity": "sha1-bgFQmP9RlouKPIGQAdXyyJvEsQc=",
      "dev": true
    },
    "querystring": {
      "version": "0.1.0",
      "resolved": "https://registry.npmjs.org/querystring/-/querystring-0.1.0.tgz",
      "integrity": "sha1-y3aibNoKEKlBY/zbPhMoJ/BLexA=",
      "dev": true
    },
    "readable-stream": {
      "version": "1.0.34",
      "resolved": "https://registry.npmjs.org/readable-stream/-/readable-stream-1.0.34.tgz",
      "integrity": "sha1-Elgg40vIQtLyqq+v5MKRbuMsFXw=",
      "dev": true,
      "requires": {
        "core-util-is": "~1.0.0",
        "inherits": "~2.0.1",
        "isarray": "0.0.1",
        "string_decoder": "~0.10.x"
      }
    },
    "regexp-escape": {
      "version": "0.0.1",
      "resolved": "https://registry.npmjs.org/regexp-escape/-/regexp-escape-0.0.1.tgz",
      "integrity": "sha1-PzJqBi2PdZaykUkpVQqsd+r43nU=",
      "dev": true
    },
    "request": {
      "version": "2.36.0",
      "resolved": "https://registry.npmjs.org/request/-/request-2.36.0.tgz",
      "integrity": "sha1-KMbAQmLHuf/dIbklU3RRfubZQ/U=",
      "dev": true,
      "requires": {
        "aws-sign2": "~0.5.0",
        "forever-agent": "~0.5.0",
        "form-data": "~0.1.0",
        "hawk": "~1.0.0",
        "http-signature": "~0.10.0",
        "json-stringify-safe": "~5.0.0",
        "mime": "~1.2.9",
        "node-uuid": "~1.4.0",
        "oauth-sign": "~0.3.0",
        "qs": "~0.6.0",
        "tough-cookie": ">=0.12.0",
        "tunnel-agent": "~0.4.0"
      },
      "dependencies": {
        "mime": {
          "version": "1.2.11",
          "resolved": "https://registry.npmjs.org/mime/-/mime-1.2.11.tgz",
          "integrity": "sha1-WCA+7Ybjpe8XrtK32evUfwpg3RA=",
          "dev": true
        }
      }
    },
    "resolve": {
      "version": "0.5.1",
      "resolved": "https://registry.npmjs.org/resolve/-/resolve-0.5.1.tgz",
      "integrity": "sha1-FeSiIsQja81M+FRUQSwtD7ZSRXY=",
      "dev": true
    },
    "rimraf": {
      "version": "2.6.1",
      "resolved": "https://registry.npmjs.org/rimraf/-/rimraf-2.6.1.tgz",
      "integrity": "sha1-wjOOxkPfeht/5cVPqG9XQopV8z0=",
      "dev": true,
      "requires": {
        "glob": "^7.0.5"
      },
      "dependencies": {
        "glob": {
          "version": "7.1.1",
          "resolved": "https://registry.npmjs.org/glob/-/glob-7.1.1.tgz",
          "integrity": "sha1-gFIR3wT6rxxjo2ADBs31reULLsg=",
          "dev": true,
          "requires": {
            "fs.realpath": "^1.0.0",
            "inflight": "^1.0.4",
            "inherits": "2",
            "minimatch": "^3.0.2",
            "once": "^1.3.0",
            "path-is-absolute": "^1.0.0"
          }
        },
        "minimatch": {
          "version": "3.0.3",
          "resolved": "https://registry.npmjs.org/minimatch/-/minimatch-3.0.3.tgz",
          "integrity": "sha1-Kk5AkLlrLbBqnX3wEFWmKnfJt3Q=",
          "dev": true,
          "requires": {
            "brace-expansion": "^1.0.0"
          }
        }
      }
    },
    "saucelabs": {
      "version": "0.1.1",
      "resolved": "https://registry.npmjs.org/saucelabs/-/saucelabs-0.1.1.tgz",
      "integrity": "sha1-Xg6hzz1zXW6hX96Utb2mvBXSwG0=",
      "dev": true
    },
    "sax": {
      "version": "0.5.8",
      "resolved": "https://registry.npmjs.org/sax/-/sax-0.5.8.tgz",
      "integrity": "sha1-1HLbIo6zMcJQaw6MFVJK25OdEsE=",
      "dev": true
    },
    "sigmund": {
      "version": "1.0.1",
      "resolved": "https://registry.npmjs.org/sigmund/-/sigmund-1.0.1.tgz",
      "integrity": "sha1-P/IfGYytIXX587eBhT/ZTQ0ZtZA=",
      "dev": true
    },
    "sntp": {
      "version": "0.2.4",
      "resolved": "https://registry.npmjs.org/sntp/-/sntp-0.2.4.tgz",
      "integrity": "sha1-+4hfGLDzqtGJ+CSGJTa87ux1CQA=",
      "dev": true,
      "optional": true,
      "requires": {
        "hoek": "0.9.x"
      }
    },
    "source-map": {
      "version": "0.5.6",
      "resolved": "https://registry.npmjs.org/source-map/-/source-map-0.5.6.tgz",
      "integrity": "sha1-dc449SvwczxafwwRjYEzSiu19BI=",
      "dev": true,
      "optional": true
    },
    "stream-counter": {
      "version": "0.1.0",
      "resolved": "https://registry.npmjs.org/stream-counter/-/stream-counter-0.1.0.tgz",
      "integrity": "sha1-oDXkKTYftX82Fgbhf82Ki5Z3Mns=",
      "dev": true,
      "requires": {
        "readable-stream": "~1.0.2"
      }
    },
    "string_decoder": {
      "version": "0.10.31",
      "resolved": "https://registry.npmjs.org/string_decoder/-/string_decoder-0.10.31.tgz",
      "integrity": "sha1-YuIDvEF2bGwoyfyEMB2rHFMQ+pQ=",
      "dev": true
    },
    "system": {
      "version": "2.0.1",
      "resolved": "https://registry.npmjs.org/system/-/system-2.0.1.tgz",
      "integrity": "sha512-BwSUSa8LMHZouGadZ34ck3TsrH5s3oMmTKPK+xHdbBnTCZOZMJ38fHGKLAHkBl0PXru1Z4BsymQU4qqvTxWzdQ=="
    },
    "tar-stream": {
      "version": "0.4.7",
      "resolved": "https://registry.npmjs.org/tar-stream/-/tar-stream-0.4.7.tgz",
      "integrity": "sha1-Hx0s6evHtCdlJDyg6PG3v9oKrc0=",
      "dev": true,
      "requires": {
        "bl": "^0.9.0",
        "end-of-stream": "^1.0.0",
        "readable-stream": "^1.0.27-1",
        "xtend": "^4.0.0"
      }
    },
    "tough-cookie": {
      "version": "2.3.2",
      "resolved": "https://registry.npmjs.org/tough-cookie/-/tough-cookie-2.3.2.tgz",
      "integrity": "sha1-8IH3bkyFcg5sN6X6ztc3FQ2EByo=",
      "dev": true,
      "optional": true,
      "requires": {
        "punycode": "^1.4.1"
      },
      "dependencies": {
        "punycode": {
          "version": "1.4.1",
          "resolved": "https://registry.npmjs.org/punycode/-/punycode-1.4.1.tgz",
          "integrity": "sha1-wNWmOycYgArY4esPpSachN1BhF4=",
          "dev": true,
          "optional": true
        }
      }
    },
    "tunnel-agent": {
      "version": "0.4.3",
      "resolved": "https://registry.npmjs.org/tunnel-agent/-/tunnel-agent-0.4.3.tgz",
      "integrity": "sha1-Y3PbdpCf5XDgjXNYM2Xtgop07us=",
      "dev": true,
      "optional": true
    },
    "uglify-js": {
      "version": "2.3.6",
      "resolved": "https://registry.npmjs.org/uglify-js/-/uglify-js-2.3.6.tgz",
      "integrity": "sha1-+gmEdwtCi3qbKoBY9GNV0U/vIRo=",
      "dev": true,
      "requires": {
        "async": "~0.2.6",
        "optimist": "~0.3.5",
        "source-map": "~0.1.7"
      },
      "dependencies": {
        "optimist": {
          "version": "0.3.7",
          "resolved": "https://registry.npmjs.org/optimist/-/optimist-0.3.7.tgz",
          "integrity": "sha1-yQlBrVnkJzMokjB00s8ufLxuwNk=",
          "dev": true,
          "requires": {
            "wordwrap": "~0.0.2"
          }
        },
        "source-map": {
          "version": "0.1.43",
          "resolved": "https://registry.npmjs.org/source-map/-/source-map-0.1.43.tgz",
          "integrity": "sha1-wkvBRspRfBRx9drL4lcbK3+eM0Y=",
          "dev": true,
          "requires": {
            "amdefine": ">=0.0.4"
          }
        }
      }
    },
    "underscore.string": {
      "version": "2.3.3",
      "resolved": "https://registry.npmjs.org/underscore.string/-/underscore.string-2.3.3.tgz",
      "integrity": "sha1-ccCL9rQosRM/N+ePo6Icgvcymw0=",
      "dev": true
    },
    "url": {
      "version": "0.7.9",
      "resolved": "https://registry.npmjs.org/url/-/url-0.7.9.tgz",
      "integrity": "sha1-GVmxqLNh/AF7WVE6fH+pgn9eTtA=",
      "dev": true,
      "requires": {
        "punycode": ">=1.0.0 <1.1.0",
        "querystring": ">=0.1.0 <0.2.0"
      }
    },
    "url2": {
      "version": "1.0.4",
      "resolved": "https://registry.npmjs.org/url2/-/url2-1.0.4.tgz",
      "integrity": "sha1-3yKErhXHSbqAl1FRDl4l2p67gNg=",
      "dev": true,
      "requires": {
        "url": "0.10.2"
      },
      "dependencies": {
        "punycode": {
          "version": "1.3.2",
          "resolved": "https://registry.npmjs.org/punycode/-/punycode-1.3.2.tgz",
          "integrity": "sha1-llOgNvt8HuQjQvIyXM7v6jkmxI0=",
          "dev": true
        },
        "url": {
          "version": "0.10.2",
          "resolved": "https://registry.npmjs.org/url/-/url-0.10.2.tgz",
          "integrity": "sha1-aGIdaSnqHK00Tr8TXYL89+sadGk=",
          "dev": true,
          "requires": {
            "punycode": "1.3.2"
          }
        }
      }
    },
    "util": {
      "version": "0.10.3",
      "resolved": "https://registry.npmjs.org/util/-/util-0.10.3.tgz",
      "integrity": "sha1-evsa/lCAUkZInj23/g7TeTNqwPk=",
      "dev": true,
      "requires": {
        "inherits": "2.0.1"
      },
      "dependencies": {
        "inherits": {
          "version": "2.0.1",
          "resolved": "https://registry.npmjs.org/inherits/-/inherits-2.0.1.tgz",
          "integrity": "sha1-sX0I0ya0Qj5Wjv9xn5GwscvfafE=",
          "dev": true
        }
      }
    },
    "vargs": {
      "version": "0.1.0",
      "resolved": "https://registry.npmjs.org/vargs/-/vargs-0.1.0.tgz",
      "integrity": "sha1-a2GE2mUgzDIEzhtAfKwm2SYJ6/8=",
      "dev": true
    },
    "wd": {
      "version": "0.2.27",
      "resolved": "https://registry.npmjs.org/wd/-/wd-0.2.27.tgz",
      "integrity": "sha1-2yWmceFNduSIagxQFGBqzeBl9M8=",
      "dev": true,
      "requires": {
        "archiver": "~0.10.0",
        "async": "~0.9.0",
        "lodash": "~2.4.1",
        "q": "~1.0.1",
        "request": "~2.36.0",
        "underscore.string": "~2.3.3",
        "vargs": "~0.1.0"
      },
      "dependencies": {
        "async": {
          "version": "0.9.2",
          "resolved": "https://registry.npmjs.org/async/-/async-0.9.2.tgz",
          "integrity": "sha1-rqdNXmHB+JlhO/ZL2mbUx48v0X0=",
          "dev": true
        },
        "q": {
          "version": "1.0.1",
          "resolved": "https://registry.npmjs.org/q/-/q-1.0.1.tgz",
          "integrity": "sha1-EYcq7t7okmgRCxCnGESP+xARKhQ=",
          "dev": true
        }
      }
    },
    "weak-map": {
      "version": "1.0.5",
      "resolved": "https://registry.npmjs.org/weak-map/-/weak-map-1.0.5.tgz",
      "integrity": "sha1-eWkVhNmGB/UHC9O3CkDmuyLkAes=",
      "dev": true
    },
    "which": {
      "version": "1.0.9",
      "resolved": "https://registry.npmjs.org/which/-/which-1.0.9.tgz",
      "integrity": "sha1-RgwdoPgQED0DIam2M6+eV15kSG8=",
      "dev": true
    },
    "wordwrap": {
      "version": "0.0.3",
      "resolved": "https://registry.npmjs.org/wordwrap/-/wordwrap-0.0.3.tgz",
      "integrity": "sha1-o9XabNXAvAAI03I0u68b7WMFkQc=",
      "dev": true
    },
    "wrappy": {
      "version": "1.0.2",
      "resolved": "https://registry.npmjs.org/wrappy/-/wrappy-1.0.2.tgz",
      "integrity": "sha1-tSQ9jz7BqjXxNkYFvA0QNuMKtp8=",
      "dev": true
    },
    "xml2js": {
      "version": "0.2.8",
      "resolved": "https://registry.npmjs.org/xml2js/-/xml2js-0.2.8.tgz",
      "integrity": "sha1-m4FpCTFjH/CdGVdUn69U9PmAs8I=",
      "dev": true,
      "requires": {
        "sax": "0.5.x"
      }
    },
    "xtend": {
      "version": "4.0.1",
      "resolved": "https://registry.npmjs.org/xtend/-/xtend-4.0.1.tgz",
      "integrity": "sha1-pcbVMr5lbiPbgg77lDofBJmNY68=",
      "dev": true
    },
    "zip-stream": {
      "version": "0.3.7",
      "resolved": "https://registry.npmjs.org/zip-stream/-/zip-stream-0.3.7.tgz",
      "integrity": "sha1-yE0FfrC8wBOXR708bJcoC89fK7I=",
      "dev": true,
      "requires": {
        "buffer-crc32": "~0.2.1",
        "crc32-stream": "~0.2.0",
        "debug": "~1.0.2",
        "deflate-crc32-stream": "~0.1.0",
        "lodash": "~2.4.1",
        "readable-stream": "~1.0.26"
      },
      "dependencies": {
        "debug": {
          "version": "1.0.4",
          "resolved": "https://registry.npmjs.org/debug/-/debug-1.0.4.tgz",
          "integrity": "sha1-W5wla9VLbsAigxdvqKDt5tFUy/g=",
          "dev": true,
          "requires": {
            "ms": "0.6.2"
          }
        }
      }
    }
  }
}
