{
  "name": "tengwar-editor",
  "version": "0.0.0",
  "lockfileVersion": 1,
  "requires": true,
  "dependencies": {
    "asap": {
      "version": "2.0.6",
      "resolved": "https://registry.npmjs.org/asap/-/asap-2.0.6.tgz",
      "integrity": "sha1-5QNHYR1+aQlDIIu9r+vLwvuGbUY="
    },
    "collections": {
      "version": "1.2.4",
      "resolved": "https://registry.npmjs.org/collections/-/collections-1.2.4.tgz",
      "integrity": "sha1-Pi8WRe1D188f4khAYAH6q0Ln5GM=",
      "requires": {
        "weak-map": "1.0.5"
      }
    },
    "frb": {
      "version": "0.2.19",
      "resolved": "https://registry.npmjs.org/frb/-/frb-0.2.19.tgz",
      "integrity": "sha1-k7Eh/L/S5dU55glrJZD1DluWf68=",
      "requires": {
        "collections": "1.2.4"
      }
    },
    "pop-iterate": {
      "version": "1.0.1",
      "resolved": "https://registry.npmjs.org/pop-iterate/-/pop-iterate-1.0.1.tgz",
      "integrity": "sha1-zqz9q0q/NT16DyqqLB/Hs/lBO6M="
    },
    "q": {
      "version": "2.0.3",
      "resolved": "https://registry.npmjs.org/q/-/q-2.0.3.tgz",
      "integrity": "sha1-dbjbAlWhpa+C9Yw/Oqoe/sfQ0TQ=",
      "requires": {
        "asap": "2.0.6",
        "pop-iterate": "1.0.1",
        "weak-map": "1.0.5"
      }
    },
    "qs": {
      "version": "0.5.6",
      "resolved": "https://registry.npmjs.org/qs/-/qs-0.5.6.tgz",
      "integrity": "sha1-MbGtBYVnZRxSaSFQa5qHk5EaA4Q="
    },
    "system": {
      "version": "2.0.1",
      "resolved": "https://registry.npmjs.org/system/-/system-2.0.1.tgz",
      "integrity": "sha512-BwSUSa8LMHZouGadZ34ck3TsrH5s3oMmTKPK+xHdbBnTCZOZMJ38fHGKLAHkBl0PXru1Z4BsymQU4qqvTxWzdQ=="
    },
    "tengwar": {
      "version": "1.2.4",
      "resolved": "https://registry.npmjs.org/tengwar/-/tengwar-1.2.4.tgz",
      "integrity": "sha1-JnoCd7NR77XGo94cLi4U0T9bOSE=",
      "requires": {
        "system": "1.3.0"
      },
      "dependencies": {
        "system": {
          "version": "1.3.0",
          "resolved": "https://registry.npmjs.org/system/-/system-1.3.0.tgz",
          "integrity": "sha1-2ZR4vvsDzZ4v0vw0CyDNWrrRPfc=",
          "requires": {
            "q": "2.0.3"
          }
        }
      }
    },
    "weak-map": {
      "version": "1.0.5",
      "resolved": "https://registry.npmjs.org/weak-map/-/weak-map-1.0.5.tgz",
      "integrity": "sha1-eWkVhNmGB/UHC9O3CkDmuyLkAes="
    }
  }
}
